
Microsoft Visual Studio Solution File, Format Version 12.00
# Visual Studio Version 17
VisualStudioVersion = 17.2.32526.322
MinimumVisualStudioVersion = 10.0.40219.1
Project("{9A19103F-16F7-4668-BE54-9A1E7A4F7556}") = "Special-Needs-Analysis-Calculator.Api", "Special-Needs-Analysis-Calculator-Backend\Special-Needs-Analysis-Calculator.Api.csproj", "{15C939BB-4432-4F15-91B6-3FF3EE35E7D2}"
EndProject
Project("{9A19103F-16F7-4668-BE54-9A1E7A4F7556}") = "Special-Needs-Analysis-Calculator.Domain", "Special-Needs-Analysis-Calculator.Domain\Special-Needs-Analysis-Calculator.Domain.csproj", "{343B9D9B-AD61-450B-A14C-28B279ACB454}"
EndProject
Project("{FAE04EC0-301F-11D3-BF4B-00C04F79EFBC}") = "Special-Needs-Analysis-Calculator.Data", "Special-Needs-Analysis-Calculator.Data\Special-Needs-Analysis-Calculator.Data.csproj", "{F66BFF65-DC8B-45BB-B377-40A3B91F6C4E}"
EndProject
Global
	GlobalSection(SolutionConfigurationPlatforms) = preSolution
		Debug|Any CPU = Debug|Any CPU
		Release|Any CPU = Release|Any CPU
	EndGlobalSection
	GlobalSection(ProjectConfigurationPlatforms) = postSolution
		{15C939BB-4432-4F15-91B6-3FF3EE35E7D2}.Debug|Any CPU.ActiveCfg = Debug|Any CPU
		{15C939BB-4432-4F15-91B6-3FF3EE35E7D2}.Debug|Any CPU.Build.0 = Debug|Any CPU
		{15C939BB-4432-4F15-91B6-3FF3EE35E7D2}.Release|Any CPU.ActiveCfg = Release|Any CPU
		{15C939BB-4432-4F15-91B6-3FF3EE35E7D2}.Release|Any CPU.Build.0 = Release|Any CPU
		{343B9D9B-AD61-450B-A14C-28B279ACB454}.Debug|Any CPU.ActiveCfg = Debug|Any CPU
		{343B9D9B-AD61-450B-A14C-28B279ACB454}.Debug|Any CPU.Build.0 = Debug|Any CPU
		{343B9D9B-AD61-450B-A14C-28B279ACB454}.Release|Any CPU.ActiveCfg = Release|Any CPU
		{343B9D9B-AD61-450B-A14C-28B279ACB454}.Release|Any CPU.Build.0 = Release|Any CPU
		{F66BFF65-DC8B-45BB-B377-40A3B91F6C4E}.Debug|Any CPU.ActiveCfg = Debug|Any CPU
		{F66BFF65-DC8B-45BB-B377-40A3B91F6C4E}.Debug|Any CPU.Build.0 = Debug|Any CPU
		{F66BFF65-DC8B-45BB-B377-40A3B91F6C4E}.Release|Any CPU.ActiveCfg = Release|Any CPU
		{F66BFF65-DC8B-45BB-B377-40A3B91F6C4E}.Release|Any CPU.Build.0 = Release|Any CPU
	EndGlobalSection
	GlobalSection(SolutionProperties) = preSolution
		HideSolutionNode = FALSE
	EndGlobalSection
	GlobalSection(ExtensibilityGlobals) = postSolution
		SolutionGuid = {8BF9906E-D835-4BC1-BB11-5947442F98DF}
	EndGlobalSection
EndGlobal
